PODS:
  - IrohaSwift (1.0.0)
  - KeychainAccess (4.2.2)
  - NoritoBridge (0.1.0)
  - PMAlertController (4.0.1)
  - SwiftyJSON (5.0.2)
  - TextFieldEffects (1.6.0)
  - Toast-Swift (5.1.1)

DEPENDENCIES:
  - IrohaSwift (from `../../i23/IrohaSwift`)
  - KeychainAccess (~> 4.2)
  - NoritoBridge (from `../Vendor/NoritoBridge`)
  - PMAlertController (~> 4.0)
  - SwiftyJSON (~> 5.0)
  - TextFieldEffects (~> 1.6)
  - Toast-Swift (~> 5.1)

SPEC REPOS:
  trunk:
    - KeychainAccess
    - PMAlertController
    - SwiftyJSON
    - TextFieldEffects
    - Toast-Swift

EXTERNAL SOURCES:
  IrohaSwift:
    :path: "../../i23/IrohaSwift"
  NoritoBridge:
    :path: "../Vendor/NoritoBridge"

SPEC CHECKSUMS:
  IrohaSwift: ee16acca1ab799fad0c6fa6b15a350519fd0f026
  KeychainAccess: c0c4f7f38f6fc7bbe58f5702e25f7bd2f65abf51
  NoritoBridge: cc4f2f0183e74143b83052b953898b64c3fdc241
  PMAlertController: ab5fcf4d085b7878c9451466d701449c4bf6efb8
  SwiftyJSON: f5b1bf1cd8dd53cd25887ac0eabcfd92301c6a5a
  TextFieldEffects: 529b8aff706fb40f82c41c780c0777941a893796
  Toast-Swift: 7a03a532afe3a560d4044bc7c237e2864d295173

PODFILE CHECKSUM: ff853881d4a4a1b18cdb7fb010cabbb2ee4594b9

COCOAPODS: 1.16.2
