// !$*UTF8*$!
{
	archiveVersion = 1;
	classes = {
	};
	objectVersion = 46;
	objects = {

/* Begin PBXBuildFile section */
		0EAC59A451D7BAF1DC47AC9C /* Pods_Example_PointTests.framework in Frameworks */ = {isa = PBXBuildFile; fileRef = 533798859D478E7E8744FFE2 /* Pods_Example_PointTests.framework */; };
		15E6AC2B97114BD88EE325C7 /* Sora-ThinItalic.ttf in Resources */ = {isa = PBXBuildFile; fileRef = 3D61197AF4224F11857742B9 /* Sora-ThinItalic.ttf */; };
		1E41C5A1AA8B4056A0991D0D /* Sora-MediumItalic.ttf in Resources */ = {isa = PBXBuildFile; fileRef = 725C3D45621740AEAF4D4A61 /* Sora-MediumItalic.ttf */; };
		2F997902DE8A45E0856DD2C1 /* Sora-Medium.ttf in Resources */ = {isa = PBXBuildFile; fileRef = 5E4BF8DB2FC74816ADA816B2 /* Sora-Medium.ttf */; };
		31348494B0CA44E8AACA4B41 /* Sora-LightItalic.ttf in Resources */ = {isa = PBXBuildFile; fileRef = 99B6DF94B6F5495B816713D4 /* Sora-LightItalic.ttf */; };
		31C3EB81C1284BFEA337C490 /* KeyBackupStorage.swift in Sources */ = {isa = PBXBuildFile; fileRef = 32F400AD73F94EE493F887D6 /* KeyBackupStorage.swift */; };
		33CE66E58C3C05AA1820F31A /* Pods_Example_Point.framework in Frameworks */ = {isa = PBXBuildFile; fileRef = 4A577D7F09E9313C38C33393 /* Pods_Example_Point.framework */; };
		33E412B647E5412BA5CDE73B /* Sora-ExtraLight.ttf in Resources */ = {isa = PBXBuildFile; fileRef = C9B4F4E130ED4168AA922524 /* Sora-ExtraLight.ttf */; };
		40AE52C8F92F437C9641622A /* Sora-BoldItalic.ttf in Resources */ = {isa = PBXBuildFile; fileRef = 8779F84FE2D74FCE974E5F41 /* Sora-BoldItalic.ttf */; };
		471E2886C66A4789BCCC8021 /* CryptoHelpers.swift in Sources */ = {isa = PBXBuildFile; fileRef = 521C38B844B94C4BA97A0D6E /* CryptoHelpers.swift */; };
		4AC666ACF8A24DCA90E4AD8A /* Mnemonic.swift in Sources */ = {isa = PBXBuildFile; fileRef = 617377F8A27D40BC8DD11481 /* Mnemonic.swift */; };
		56FB9B71333F402BB54478C1 /* IrohaConnectCoordinatorTests.swift in Sources */ = {isa = PBXBuildFile; fileRef = DB4635F605884D3F873A75E5 /* IrohaConnectCoordinatorTests.swift */; };
		635434508986471DAD4E5FDC /* ToriiService.swift in Sources */ = {isa = PBXBuildFile; fileRef = 40980695147D4F88B2EC00CA /* ToriiService.swift */; };
		637424673D4D46E098C58BF5 /* KeychainSession.swift in Sources */ = {isa = PBXBuildFile; fileRef = 4C187A40F2464ACD95562D21 /* KeychainSession.swift */; };
		6DA315261DF979D300C5325E /* AppDelegate.swift in Sources */ = {isa = PBXBuildFile; fileRef = 6DA315251DF979D300C5325E /* AppDelegate.swift */; };
		6DA315281DF979D300C5325E /* ViewController.swift in Sources */ = {isa = PBXBuildFile; fileRef = 6DA315271DF979D300C5325E /* ViewController.swift */; };
		6DA3152B1DF979D300C5325E /* Main.storyboard in Resources */ = {isa = PBXBuildFile; fileRef = 6DA315291DF979D300C5325E /* Main.storyboard */; };
		6DA3152D1DF979D300C5325E /* Assets.xcassets in Resources */ = {isa = PBXBuildFile; fileRef = 6DA3152C1DF979D300C5325E /* Assets.xcassets */; };
		6DA315301DF979D300C5325E /* LaunchScreen.storyboard in Resources */ = {isa = PBXBuildFile; fileRef = 6DA3152E1DF979D300C5325E /* LaunchScreen.storyboard */; };
		6DA3153B1DF979D300C5325E /* Example_PointTests.swift in Sources */ = {isa = PBXBuildFile; fileRef = 6DA3153A1DF979D300C5325E /* Example_PointTests.swift */; };
		6DA315461DF979D300C5325E /* Example_PointUITests.swift in Sources */ = {isa = PBXBuildFile; fileRef = 6DA315451DF979D300C5325E /* Example_PointUITests.swift */; };
		6DB47D371DFDCF0800C908E9 /* SendViewController.swift in Sources */ = {isa = PBXBuildFile; fileRef = 6DB47D361DFDCF0800C908E9 /* SendViewController.swift */; };
		6DB47D391DFDCF2900C908E9 /* WalletTableViewController.swift in Sources */ = {isa = PBXBuildFile; fileRef = 6DB47D381DFDCF2900C908E9 /* WalletTableViewController.swift */; };
		6DB47D3B1DFDCF4600C908E9 /* ReceiveViewController.swift in Sources */ = {isa = PBXBuildFile; fileRef = 6DB47D3A1DFDCF4600C908E9 /* ReceiveViewController.swift */; };
		6DB47D3D1DFDCF5500C908E9 /* QRViewController.swift in Sources */ = {isa = PBXBuildFile; fileRef = 6DB47D3C1DFDCF5500C908E9 /* QRViewController.swift */; };
		6DB47D3F1DFDD16B00C908E9 /* DataManager.swift in Sources */ = {isa = PBXBuildFile; fileRef = 6DB47D3E1DFDD16B00C908E9 /* DataManager.swift */; };
		6DB47D411DFDD23E00C908E9 /* KeychainManager.swift in Sources */ = {isa = PBXBuildFile; fileRef = 6DB47D401DFDD23E00C908E9 /* KeychainManager.swift */; };
		6DB47D441DFDD5C000C908E9 /* QRImgGenerator.swift in Sources */ = {isa = PBXBuildFile; fileRef = 6DB47D431DFDD5C000C908E9 /* QRImgGenerator.swift */; };
		6DF0FF421E01930B00ABD179 /* RegisterViewController.swift in Sources */ = {isa = PBXBuildFile; fileRef = 6DF0FF411E01930B00ABD179 /* RegisterViewController.swift */; };
		6DF0FF5B1E028E8B00ABD179 /* TransactionCell.swift in Sources */ = {isa = PBXBuildFile; fileRef = 6DF0FF5A1E028E8B00ABD179 /* TransactionCell.swift */; };
		6DF0FF601E02945400ABD179 /* ColorExtension.swift in Sources */ = {isa = PBXBuildFile; fileRef = 6DF0FF5F1E02945400ABD179 /* ColorExtension.swift */; };
		70C9D0CE36714EFF9924FA96 /* Sora-Thin.ttf in Resources */ = {isa = PBXBuildFile; fileRef = 7DA4CDB27B474D2CA5EA55CA /* Sora-Thin.ttf */; };
		729C284446524F29AD4FBD4D /* SoraFont.swift in Sources */ = {isa = PBXBuildFile; fileRef = 6F91F337066940DF805548E1 /* SoraFont.swift */; };
		74897F93A6EC4C6B9042EA52 /* Sora-ExtraBoldItalic.ttf in Resources */ = {isa = PBXBuildFile; fileRef = 45DC49B4602F4F8A9460F4CF /* Sora-ExtraBoldItalic.ttf */; };
		8757E3A6291D49F0AEEFF9ED /* GlassmorphicStyle.swift in Sources */ = {isa = PBXBuildFile; fileRef = 8757E3A528F24936B0F7B58B /* GlassmorphicStyle.swift */; };
		8758A55F73804DECBB92F8E6 /* Sora-SemiBold.ttf in Resources */ = {isa = PBXBuildFile; fileRef = 9CC0D55A909A4AF1ADF3F817 /* Sora-SemiBold.ttf */; };
		88BFB773BAD84132929215C0 /* SakuraEmitterView.swift in Sources */ = {isa = PBXBuildFile; fileRef = 36BF7F5201524C0FB0B5D77C /* SakuraEmitterView.swift */; };
		8AA6F95AF774492F879D2BBA /* MnemonicGeneratorTests.swift in Sources */ = {isa = PBXBuildFile; fileRef = E9465E94959943759BC8352D /* MnemonicGeneratorTests.swift */; };
		A400E3A15F6540A7814B85B9 /* Sora-Regular.ttf in Resources */ = {isa = PBXBuildFile; fileRef = A36CFB924C874F3D83AE7736 /* Sora-Regular.ttf */; };
		AE680A62B5CC43058FA30FEF /* Sora-Light.ttf in Resources */ = {isa = PBXBuildFile; fileRef = E0EBBC12892F46D9B6C3D23F /* Sora-Light.ttf */; };
		AED822DE8CB04BCF8DBC05E5 /* SoraNexusOnboardingViewController.swift in Sources */ = {isa = PBXBuildFile; fileRef = 624684038AA94F7DB298621A /* SoraNexusOnboardingViewController.swift */; };
		B5C95FDEAE27480C86FE8354 /* Sora-ExtraLightItalic.ttf in Resources */ = {isa = PBXBuildFile; fileRef = 712F80877E3A40A4B92E9D35 /* Sora-ExtraLightItalic.ttf */; };
		C64DED9C3D1840B0A1486BE8 /* Sora-ExtraBold.ttf in Resources */ = {isa = PBXBuildFile; fileRef = D7FAC1DABC194C91BE79F1E3 /* Sora-ExtraBold.ttf */; };
		C9E91C9CA4CF49F3B7188377 /* IrohaConnectCoordinator.swift in Sources */ = {isa = PBXBuildFile; fileRef = B6BDF08357B643C8A328F5CF /* IrohaConnectCoordinator.swift */; };
		CB060DD66B224359AE5CD516 /* SoraNexusKeyMaterial.swift in Sources */ = {isa = PBXBuildFile; fileRef = A8DC75A50C6741A4B80D518C /* SoraNexusKeyMaterial.swift */; };
		DA6A05F477024B47BCBE846E /* Sora-Italic.ttf in Resources */ = {isa = PBXBuildFile; fileRef = B127CA3974D945CC83ED58E4 /* Sora-Italic.ttf */; };
		DB9DBC5895EDBD7840F9A492 /* Pods_Example_Point_Example_PointUITests.framework in Frameworks */ = {isa = PBXBuildFile; fileRef = 4F5CB9845077AEFEA613B256 /* Pods_Example_Point_Example_PointUITests.framework */; };
		EA9BEAC0EA5A4CA1AAD006F3 /* Notifications.swift in Sources */ = {isa = PBXBuildFile; fileRef = 6B1352316DC04ED28699B34B /* Notifications.swift */; };
		F282BA4A82B540059D6A1858 /* ToriiConfiguration.swift in Sources */ = {isa = PBXBuildFile; fileRef = 76AB302D7CE04ACBB2508CE1 /* ToriiConfiguration.swift */; };
		FB5B6BBC52534C939A1D0B96 /* Sora-SemiBoldItalic.ttf in Resources */ = {isa = PBXBuildFile; fileRef = AC007647F1FB4028AF737DCE /* Sora-SemiBoldItalic.ttf */; };
		FBC7A1C32C1F5D5C00E0D9A1 /* SceneDelegate.swift in Sources */ = {isa = PBXBuildFile; fileRef = FBC7A1C22C1F5D5C00E0D9A1 /* SceneDelegate.swift */; };
		FBC7A1C52C1F620900E0D9A1 /* ColorExtensionTests.swift in Sources */ = {isa = PBXBuildFile; fileRef = FBC7A1C42C1F620900E0D9A1 /* ColorExtensionTests.swift */; };
		d4395c817c044d97b22454c9 /* ThemeSettingsViewController.swift in Sources */ = {isa = PBXBuildFile; fileRef = 874220AD8DF240B1A0652BA0 /* ThemeSettingsViewController.swift */; };
		d7329C4851524922B3085DF4 /* Sora-Bold.ttf in Resources */ = {isa = PBXBuildFile; fileRef = 6942623D37024A798DBC5128 /* Sora-Bold.ttf */; };
		ec174591f92344f29d429f04 /* ThemeManager.swift in Sources */ = {isa = PBXBuildFile; fileRef = 940FBFAF2C3E448E928DA01E /* ThemeManager.swift */; };
/* End PBXBuildFile section */

/* Begin PBXContainerItemProxy section */
		6DA315371DF979D300C5325E /* PBXContainerItemProxy */ = {
			isa = PBXContainerItemProxy;
			containerPortal = 6DA3151A1DF979D300C5325E /* Project object */;
			proxyType = 1;
			remoteGlobalIDString = 6DA315211DF979D300C5325E;
			remoteInfo = "Example-Point";
		};
		6DA315421DF979D300C5325E /* PBXContainerItemProxy */ = {
			isa = PBXContainerItemProxy;
			containerPortal = 6DA3151A1DF979D300C5325E /* Project object */;
			proxyType = 1;
			remoteGlobalIDString = 6DA315211DF979D300C5325E;
			remoteInfo = "Example-Point";
		};
		6DA3155A1DF97C1F00C5325E /* PBXContainerItemProxy */ = {
			isa = PBXContainerItemProxy;
			containerPortal = 6DA315551DF97C1F00C5325E /* IrohaSwift.xcodeproj */;
			proxyType = 2;
			remoteGlobalIDString = 7471C8641D8D942300C151E8;
			remoteInfo = IrohaSwift;
		};
		6DA3155C1DF97C1F00C5325E /* PBXContainerItemProxy */ = {
			isa = PBXContainerItemProxy;
			containerPortal = 6DA315551DF97C1F00C5325E /* IrohaSwift.xcodeproj */;
			proxyType = 2;
			remoteGlobalIDString = 7471C86E1D8D942300C151E8;
			remoteInfo = IrohaSwiftTests;
		};
/* End PBXContainerItemProxy section */

/* Begin PBXFileReference section */
		008DB154384CEA031C6653C5 /* Pods-Example-Point.debug.xcconfig */ = {isa = PBXFileReference; includeInIndex = 1; lastKnownFileType = text.xcconfig; name = "Pods-Example-Point.debug.xcconfig"; path = "Pods/Target Support Files/Pods-Example-Point/Pods-Example-Point.debug.xcconfig"; sourceTree = "<group>"; };
		32F400AD73F94EE493F887D6 /* KeyBackupStorage.swift */ = {isa = PBXFileReference; lastKnownFileType = sourcecode.swift; path = KeyBackupStorage.swift; sourceTree = "<group>"; };
		36BF7F5201524C0FB0B5D77C /* SakuraEmitterView.swift */ = {isa = PBXFileReference; lastKnownFileType = sourcecode.swift; path = SakuraEmitterView.swift; sourceTree = "<group>"; };
		3D61197AF4224F11857742B9 /* Sora-ThinItalic.ttf */ = {isa = PBXFileReference; lastKnownFileType = file; path = "Sora-ThinItalic.ttf"; sourceTree = "<group>"; };
		3DADD915DC6B0EBBFE4EBEB9 /* Pods-Example-PointTests.release.xcconfig */ = {isa = PBXFileReference; includeInIndex = 1; lastKnownFileType = text.xcconfig; name = "Pods-Example-PointTests.release.xcconfig"; path = "Pods/Target Support Files/Pods-Example-PointTests/Pods-Example-PointTests.release.xcconfig"; sourceTree = "<group>"; };
		40980695147D4F88B2EC00CA /* ToriiService.swift */ = {isa = PBXFileReference; lastKnownFileType = sourcecode.swift; path = ToriiService.swift; sourceTree = "<group>"; };
		45DC49B4602F4F8A9460F4CF /* Sora-ExtraBoldItalic.ttf */ = {isa = PBXFileReference; lastKnownFileType = file; path = "Sora-ExtraBoldItalic.ttf"; sourceTree = "<group>"; };
		489447EDF73EB3498384E21F /* Pods-Example-Point-Example-PointUITests.release.xcconfig */ = {isa = PBXFileReference; includeInIndex = 1; lastKnownFileType = text.xcconfig; name = "Pods-Example-Point-Example-PointUITests.release.xcconfig"; path = "Pods/Target Support Files/Pods-Example-Point-Example-PointUITests/Pods-Example-Point-Example-PointUITests.release.xcconfig"; sourceTree = "<group>"; };
		4A577D7F09E9313C38C33393 /* Pods_Example_Point.framework */ = {isa = PBXFileReference; explicitFileType = wrapper.framework; includeInIndex = 0; path = Pods_Example_Point.framework; sourceTree = BUILT_PRODUCTS_DIR; };
		4ADCDA2AE306BDC7E0564E56 /* Pods-Example-Point.release.xcconfig */ = {isa = PBXFileReference; includeInIndex = 1; lastKnownFileType = text.xcconfig; name = "Pods-Example-Point.release.xcconfig"; path = "Pods/Target Support Files/Pods-Example-Point/Pods-Example-Point.release.xcconfig"; sourceTree = "<group>"; };
		4C187A40F2464ACD95562D21 /* KeychainSession.swift */ = {isa = PBXFileReference; lastKnownFileType = sourcecode.swift; path = KeychainSession.swift; sourceTree = "<group>"; };
		4F5CB9845077AEFEA613B256 /* Pods_Example_Point_Example_PointUITests.framework */ = {isa = PBXFileReference; explicitFileType = wrapper.framework; includeInIndex = 0; path = Pods_Example_Point_Example_PointUITests.framework; sourceTree = BUILT_PRODUCTS_DIR; };
		521C38B844B94C4BA97A0D6E /* CryptoHelpers.swift */ = {isa = PBXFileReference; lastKnownFileType = sourcecode.swift; path = CryptoHelpers.swift; sourceTree = "<group>"; };
		533798859D478E7E8744FFE2 /* Pods_Example_PointTests.framework */ = {isa = PBXFileReference; explicitFileType = wrapper.framework; includeInIndex = 0; path = Pods_Example_PointTests.framework; sourceTree = BUILT_PRODUCTS_DIR; };
		5E4BF8DB2FC74816ADA816B2 /* Sora-Medium.ttf */ = {isa = PBXFileReference; lastKnownFileType = file; path = "Sora-Medium.ttf"; sourceTree = "<group>"; };
		617377F8A27D40BC8DD11481 /* Mnemonic.swift */ = {isa = PBXFileReference; lastKnownFileType = sourcecode.swift; path = Mnemonic.swift; sourceTree = "<group>"; };
		624684038AA94F7DB298621A /* SoraNexusOnboardingViewController.swift */ = {isa = PBXFileReference; lastKnownFileType = sourcecode.swift; path = SoraNexusOnboardingViewController.swift; sourceTree = "<group>"; };
		6942623D37024A798DBC5128 /* Sora-Bold.ttf */ = {isa = PBXFileReference; lastKnownFileType = file; path = "Sora-Bold.ttf"; sourceTree = "<group>"; };
		6B1352316DC04ED28699B34B /* Notifications.swift */ = {isa = PBXFileReference; lastKnownFileType = sourcecode.swift; path = Notifications.swift; sourceTree = "<group>"; };
		6DA315221DF979D300C5325E /* Example-Point.app */ = {isa = PBXFileReference; explicitFileType = wrapper.application; includeInIndex = 0; path = "Example-Point.app"; sourceTree = BUILT_PRODUCTS_DIR; };
		6DA315251DF979D300C5325E /* AppDelegate.swift */ = {isa = PBXFileReference; lastKnownFileType = sourcecode.swift; path = AppDelegate.swift; sourceTree = "<group>"; };
		6DA315271DF979D300C5325E /* ViewController.swift */ = {isa = PBXFileReference; lastKnownFileType = sourcecode.swift; path = ViewController.swift; sourceTree = "<group>"; };
		6DA3152A1DF979D300C5325E /* Base */ = {isa = PBXFileReference; lastKnownFileType = file.storyboard; name = Base; path = Base.lproj/Main.storyboard; sourceTree = "<group>"; };
		6DA3152C1DF979D300C5325E /* Assets.xcassets */ = {isa = PBXFileReference; lastKnownFileType = folder.assetcatalog; path = Assets.xcassets; sourceTree = "<group>"; };
		6DA3152F1DF979D300C5325E /* Base */ = {isa = PBXFileReference; lastKnownFileType = file.storyboard; name = Base; path = Base.lproj/LaunchScreen.storyboard; sourceTree = "<group>"; };
		6DA315311DF979D300C5325E /* Info.plist */ = {isa = PBXFileReference; lastKnownFileType = text.plist.xml; path = Info.plist; sourceTree = "<group>"; };
		6DA315361DF979D300C5325E /* Example-PointTests.xctest */ = {isa = PBXFileReference; explicitFileType = wrapper.cfbundle; includeInIndex = 0; path = "Example-PointTests.xctest"; sourceTree = BUILT_PRODUCTS_DIR; };
		6DA3153A1DF979D300C5325E /* Example_PointTests.swift */ = {isa = PBXFileReference; lastKnownFileType = sourcecode.swift; path = Example_PointTests.swift; sourceTree = "<group>"; };
		6DA3153C1DF979D300C5325E /* Info.plist */ = {isa = PBXFileReference; lastKnownFileType = text.plist.xml; path = Info.plist; sourceTree = "<group>"; };
		6DA315411DF979D300C5325E /* Example-PointUITests.xctest */ = {isa = PBXFileReference; explicitFileType = wrapper.cfbundle; includeInIndex = 0; path = "Example-PointUITests.xctest"; sourceTree = BUILT_PRODUCTS_DIR; };
		6DA315451DF979D300C5325E /* Example_PointUITests.swift */ = {isa = PBXFileReference; lastKnownFileType = sourcecode.swift; path = Example_PointUITests.swift; sourceTree = "<group>"; };
		6DA315471DF979D300C5325E /* Info.plist */ = {isa = PBXFileReference; lastKnownFileType = text.plist.xml; path = Info.plist; sourceTree = "<group>"; };
		6DA315551DF97C1F00C5325E /* IrohaSwift.xcodeproj */ = {isa = PBXFileReference; lastKnownFileType = "wrapper.pb-project"; name = IrohaSwift.xcodeproj; path = ../IrohaSwift.xcodeproj; sourceTree = "<group>"; };
		6DB47D361DFDCF0800C908E9 /* SendViewController.swift */ = {isa = PBXFileReference; fileEncoding = 4; lastKnownFileType = sourcecode.swift; path = SendViewController.swift; sourceTree = "<group>"; };
		6DB47D381DFDCF2900C908E9 /* WalletTableViewController.swift */ = {isa = PBXFileReference; fileEncoding = 4; lastKnownFileType = sourcecode.swift; path = WalletTableViewController.swift; sourceTree = "<group>"; };
		6DB47D3A1DFDCF4600C908E9 /* ReceiveViewController.swift */ = {isa = PBXFileReference; fileEncoding = 4; lastKnownFileType = sourcecode.swift; path = ReceiveViewController.swift; sourceTree = "<group>"; };
		6DB47D3C1DFDCF5500C908E9 /* QRViewController.swift */ = {isa = PBXFileReference; fileEncoding = 4; lastKnownFileType = sourcecode.swift; path = QRViewController.swift; sourceTree = "<group>"; };
		6DB47D3E1DFDD16B00C908E9 /* DataManager.swift */ = {isa = PBXFileReference; fileEncoding = 4; lastKnownFileType = sourcecode.swift; path = DataManager.swift; sourceTree = "<group>"; };
		6DB47D401DFDD23E00C908E9 /* KeychainManager.swift */ = {isa = PBXFileReference; fileEncoding = 4; lastKnownFileType = sourcecode.swift; path = KeychainManager.swift; sourceTree = "<group>"; };
		6DB47D431DFDD5C000C908E9 /* QRImgGenerator.swift */ = {isa = PBXFileReference; fileEncoding = 4; lastKnownFileType = sourcecode.swift; path = QRImgGenerator.swift; sourceTree = "<group>"; };
		6DF0FF411E01930B00ABD179 /* RegisterViewController.swift */ = {isa = PBXFileReference; fileEncoding = 4; lastKnownFileType = sourcecode.swift; path = RegisterViewController.swift; sourceTree = "<group>"; };
		6DF0FF5A1E028E8B00ABD179 /* TransactionCell.swift */ = {isa = PBXFileReference; fileEncoding = 4; lastKnownFileType = sourcecode.swift; path = TransactionCell.swift; sourceTree = "<group>"; };
		6DF0FF5F1E02945400ABD179 /* ColorExtension.swift */ = {isa = PBXFileReference; fileEncoding = 4; lastKnownFileType = sourcecode.swift; path = ColorExtension.swift; sourceTree = "<group>"; };
		6DF0FF611E029B1200ABD179 /* Example-Point.entitlements */ = {isa = PBXFileReference; lastKnownFileType = text.plist.entitlements; path = "Example-Point.entitlements"; sourceTree = "<group>"; };
		6F91F337066940DF805548E1 /* SoraFont.swift */ = {isa = PBXFileReference; lastKnownFileType = sourcecode.swift; path = SoraFont.swift; sourceTree = "<group>"; };
		712F80877E3A40A4B92E9D35 /* Sora-ExtraLightItalic.ttf */ = {isa = PBXFileReference; lastKnownFileType = file; path = "Sora-ExtraLightItalic.ttf"; sourceTree = "<group>"; };
		725C3D45621740AEAF4D4A61 /* Sora-MediumItalic.ttf */ = {isa = PBXFileReference; lastKnownFileType = file; path = "Sora-MediumItalic.ttf"; sourceTree = "<group>"; };
		76AB302D7CE04ACBB2508CE1 /* ToriiConfiguration.swift */ = {isa = PBXFileReference; lastKnownFileType = sourcecode.swift; path = ToriiConfiguration.swift; sourceTree = "<group>"; };
		7DA4CDB27B474D2CA5EA55CA /* Sora-Thin.ttf */ = {isa = PBXFileReference; lastKnownFileType = file; path = "Sora-Thin.ttf"; sourceTree = "<group>"; };
		874220AD8DF240B1A0652BA0 /* ThemeSettingsViewController.swift */ = {isa = PBXFileReference; lastKnownFileType = sourcecode.swift; path = ThemeSettingsViewController.swift; sourceTree = "<group>"; };
		8757E3A528F24936B0F7B58B /* GlassmorphicStyle.swift */ = {isa = PBXFileReference; lastKnownFileType = sourcecode.swift; path = GlassmorphicStyle.swift; sourceTree = "<group>"; };
		8779F84FE2D74FCE974E5F41 /* Sora-BoldItalic.ttf */ = {isa = PBXFileReference; lastKnownFileType = file; path = "Sora-BoldItalic.ttf"; sourceTree = "<group>"; };
		8854A9C946B28FF6E57F8C8D /* Pods-Example-PointUITests.debug.xcconfig */ = {isa = PBXFileReference; includeInIndex = 1; lastKnownFileType = text.xcconfig; name = "Pods-Example-PointUITests.debug.xcconfig"; path = "Pods/Target Support Files/Pods-Example-PointUITests/Pods-Example-PointUITests.debug.xcconfig"; sourceTree = "<group>"; };
		940FBFAF2C3E448E928DA01E /* ThemeManager.swift */ = {isa = PBXFileReference; lastKnownFileType = sourcecode.swift; path = ThemeManager.swift; sourceTree = "<group>"; };
		99B6DF94B6F5495B816713D4 /* Sora-LightItalic.ttf */ = {isa = PBXFileReference; lastKnownFileType = file; path = "Sora-LightItalic.ttf"; sourceTree = "<group>"; };
		9CC0D55A909A4AF1ADF3F817 /* Sora-SemiBold.ttf */ = {isa = PBXFileReference; lastKnownFileType = file; path = "Sora-SemiBold.ttf"; sourceTree = "<group>"; };
		A36CFB924C874F3D83AE7736 /* Sora-Regular.ttf */ = {isa = PBXFileReference; lastKnownFileType = file; path = "Sora-Regular.ttf"; sourceTree = "<group>"; };
		A8DC75A50C6741A4B80D518C /* SoraNexusKeyMaterial.swift */ = {isa = PBXFileReference; lastKnownFileType = sourcecode.swift; path = SoraNexusKeyMaterial.swift; sourceTree = "<group>"; };
		AC007647F1FB4028AF737DCE /* Sora-SemiBoldItalic.ttf */ = {isa = PBXFileReference; lastKnownFileType = file; path = "Sora-SemiBoldItalic.ttf"; sourceTree = "<group>"; };
		B127CA3974D945CC83ED58E4 /* Sora-Italic.ttf */ = {isa = PBXFileReference; lastKnownFileType = file; path = "Sora-Italic.ttf"; sourceTree = "<group>"; };
		B6BDF08357B643C8A328F5CF /* IrohaConnectCoordinator.swift */ = {isa = PBXFileReference; lastKnownFileType = sourcecode.swift; path = IrohaConnectCoordinator.swift; sourceTree = "<group>"; };
		C9B4F4E130ED4168AA922524 /* Sora-ExtraLight.ttf */ = {isa = PBXFileReference; lastKnownFileType = file; path = "Sora-ExtraLight.ttf"; sourceTree = "<group>"; };
		D7FAC1DABC194C91BE79F1E3 /* Sora-ExtraBold.ttf */ = {isa = PBXFileReference; lastKnownFileType = file; path = "Sora-ExtraBold.ttf"; sourceTree = "<group>"; };
		DB4635F605884D3F873A75E5 /* IrohaConnectCoordinatorTests.swift */ = {isa = PBXFileReference; lastKnownFileType = sourcecode.swift; path = IrohaConnectCoordinatorTests.swift; sourceTree = "<group>"; };
		E0EBBC12892F46D9B6C3D23F /* Sora-Light.ttf */ = {isa = PBXFileReference; lastKnownFileType = file; path = "Sora-Light.ttf"; sourceTree = "<group>"; };
		E9465E94959943759BC8352D /* MnemonicGeneratorTests.swift */ = {isa = PBXFileReference; lastKnownFileType = sourcecode.swift; path = MnemonicGeneratorTests.swift; sourceTree = "<group>"; };
		EC1E48AF7A5996BC4169968C /* Pods-Example-Point-Example-PointUITests.debug.xcconfig */ = {isa = PBXFileReference; includeInIndex = 1; lastKnownFileType = text.xcconfig; name = "Pods-Example-Point-Example-PointUITests.debug.xcconfig"; path = "Pods/Target Support Files/Pods-Example-Point-Example-PointUITests/Pods-Example-Point-Example-PointUITests.debug.xcconfig"; sourceTree = "<group>"; };
		F24D1BD952579B8FA1394383 /* Pods-Example-PointUITests.release.xcconfig */ = {isa = PBXFileReference; includeInIndex = 1; lastKnownFileType = text.xcconfig; name = "Pods-Example-PointUITests.release.xcconfig"; path = "Pods/Target Support Files/Pods-Example-PointUITests/Pods-Example-PointUITests.release.xcconfig"; sourceTree = "<group>"; };
		F79843B0F01F2A7F6DFB56FD /* Pods-Example-PointTests.debug.xcconfig */ = {isa = PBXFileReference; includeInIndex = 1; lastKnownFileType = text.xcconfig; name = "Pods-Example-PointTests.debug.xcconfig"; path = "Pods/Target Support Files/Pods-Example-PointTests/Pods-Example-PointTests.debug.xcconfig"; sourceTree = "<group>"; };
		FBC7A1C22C1F5D5C00E0D9A1 /* SceneDelegate.swift */ = {isa = PBXFileReference; lastKnownFileType = sourcecode.swift; path = SceneDelegate.swift; sourceTree = "<group>"; };
		FBC7A1C42C1F620900E0D9A1 /* ColorExtensionTests.swift */ = {isa = PBXFileReference; lastKnownFileType = sourcecode.swift; path = ColorExtensionTests.swift; sourceTree = "<group>"; };
/* End PBXFileReference section */

/* Begin PBXFrameworksBuildPhase section */
		6DA3151F1DF979D300C5325E /* Frameworks */ = {
			isa = PBXFrameworksBuildPhase;
			buildActionMask = 2147483647;
			files = (
				33CE66E58C3C05AA1820F31A /* Pods_Example_Point.framework in Frameworks */,
			);
			runOnlyForDeploymentPostprocessing = 0;
		};
		6DA315331DF979D300C5325E /* Frameworks */ = {
			isa = PBXFrameworksBuildPhase;
			buildActionMask = 2147483647;
			files = (
				0EAC59A451D7BAF1DC47AC9C /* Pods_Example_PointTests.framework in Frameworks */,
			);
			runOnlyForDeploymentPostprocessing = 0;
		};
		6DA3153E1DF979D300C5325E /* Frameworks */ = {
			isa = PBXFrameworksBuildPhase;
			buildActionMask = 2147483647;
			files = (
				DB9DBC5895EDBD7840F9A492 /* Pods_Example_Point_Example_PointUITests.framework in Frameworks */,
			);
			runOnlyForDeploymentPostprocessing = 0;
		};
/* End PBXFrameworksBuildPhase section */

/* Begin PBXGroup section */
		2E80D7B4FED403F03EB843D7 /* Frameworks */ = {
			isa = PBXGroup;
			children = (
				6DA315551DF97C1F00C5325E /* IrohaSwift.xcodeproj */,
				4A577D7F09E9313C38C33393 /* Pods_Example_Point.framework */,
				533798859D478E7E8744FFE2 /* Pods_Example_PointTests.framework */,
				4F5CB9845077AEFEA613B256 /* Pods_Example_Point_Example_PointUITests.framework */,
			);
			name = Frameworks;
			sourceTree = "<group>";
		};
		40C2B37355EE409986F16EDB /* Sora Fonts */ = {
			isa = PBXGroup;
			children = (
				6942623D37024A798DBC5128 /* Sora-Bold.ttf */,
				8779F84FE2D74FCE974E5F41 /* Sora-BoldItalic.ttf */,
				D7FAC1DABC194C91BE79F1E3 /* Sora-ExtraBold.ttf */,
				45DC49B4602F4F8A9460F4CF /* Sora-ExtraBoldItalic.ttf */,
				C9B4F4E130ED4168AA922524 /* Sora-ExtraLight.ttf */,
				712F80877E3A40A4B92E9D35 /* Sora-ExtraLightItalic.ttf */,
				B127CA3974D945CC83ED58E4 /* Sora-Italic.ttf */,
				E0EBBC12892F46D9B6C3D23F /* Sora-Light.ttf */,
				99B6DF94B6F5495B816713D4 /* Sora-LightItalic.ttf */,
				5E4BF8DB2FC74816ADA816B2 /* Sora-Medium.ttf */,
				725C3D45621740AEAF4D4A61 /* Sora-MediumItalic.ttf */,
				A36CFB924C874F3D83AE7736 /* Sora-Regular.ttf */,
				9CC0D55A909A4AF1ADF3F817 /* Sora-SemiBold.ttf */,
				AC007647F1FB4028AF737DCE /* Sora-SemiBoldItalic.ttf */,
				7DA4CDB27B474D2CA5EA55CA /* Sora-Thin.ttf */,
				3D61197AF4224F11857742B9 /* Sora-ThinItalic.ttf */,
			);
			name = "Sora Fonts";
			path = Fonts/Sora;
			sourceTree = "<group>";
		};
		6D025A791E0FC72000C0AD91 /* View */ = {
			isa = PBXGroup;
			children = (
				6DF0FF5A1E028E8B00ABD179 /* TransactionCell.swift */,
			);
			name = View;
			sourceTree = "<group>";
		};
		6DA315191DF979D300C5325E = {
			isa = PBXGroup;
			children = (
				6DA315241DF979D300C5325E /* Example-Point */,
				6DA315391DF979D300C5325E /* Example-PointTests */,
				6DA315441DF979D300C5325E /* Example-PointUITests */,
				6DA315231DF979D300C5325E /* Products */,
				B3FE195DF81A8B4865E9411C /* Pods */,
				2E80D7B4FED403F03EB843D7 /* Frameworks */,
			);
			sourceTree = "<group>";
		};
		6DA315231DF979D300C5325E /* Products */ = {
			isa = PBXGroup;
			children = (
				6DA315221DF979D300C5325E /* Example-Point.app */,
				6DA315361DF979D300C5325E /* Example-PointTests.xctest */,
				6DA315411DF979D300C5325E /* Example-PointUITests.xctest */,
			);
			name = Products;
			sourceTree = "<group>";
		};
		6DA315241DF979D300C5325E /* Example-Point */ = {
			isa = PBXGroup;
			children = (
				6D025A791E0FC72000C0AD91 /* View */,
				6DF0FF621E029CC700ABD179 /* Manager */,
				6DF0FF611E029B1200ABD179 /* Example-Point.entitlements */,
				6DB47D421DFDD58D00C908E9 /* Util */,
				6DB47D351DFDCEE900C908E9 /* ViewController */,
				6DA315251DF979D300C5325E /* AppDelegate.swift */,
				FBC7A1C22C1F5D5C00E0D9A1 /* SceneDelegate.swift */,
				6DA315271DF979D300C5325E /* ViewController.swift */,
				6DA315291DF979D300C5325E /* Main.storyboard */,
				6DA3152C1DF979D300C5325E /* Assets.xcassets */,
				6DA3152E1DF979D300C5325E /* LaunchScreen.storyboard */,
				40C2B37355EE409986F16EDB /* Sora Fonts */,
				6DA315311DF979D300C5325E /* Info.plist */,
			);
			path = "Example-Point";
			sourceTree = "<group>";
		};
		6DA315391DF979D300C5325E /* Example-PointTests */ = {
			isa = PBXGroup;
			children = (
				6DA3153A1DF979D300C5325E /* Example_PointTests.swift */,
				FBC7A1C42C1F620900E0D9A1 /* ColorExtensionTests.swift */,
				E9465E94959943759BC8352D /* MnemonicGeneratorTests.swift */,
				DB4635F605884D3F873A75E5 /* IrohaConnectCoordinatorTests.swift */,
				6DA3153C1DF979D300C5325E /* Info.plist */,
			);
			path = "Example-PointTests";
			sourceTree = "<group>";
		};
		6DA315441DF979D300C5325E /* Example-PointUITests */ = {
			isa = PBXGroup;
			children = (
				6DA315451DF979D300C5325E /* Example_PointUITests.swift */,
				6DA315471DF979D300C5325E /* Info.plist */,
			);
			path = "Example-PointUITests";
			sourceTree = "<group>";
		};
		6DA315561DF97C1F00C5325E /* Products */ = {
			isa = PBXGroup;
			children = (
				6DA3155B1DF97C1F00C5325E /* IrohaSwift.framework */,
				6DA3155D1DF97C1F00C5325E /* IrohaSwiftTests.xctest */,
			);
			name = Products;
			sourceTree = "<group>";
		};
		6DB47D351DFDCEE900C908E9 /* ViewController */ = {
			isa = PBXGroup;
			children = (
				6DB47D361DFDCF0800C908E9 /* SendViewController.swift */,
				6DB47D381DFDCF2900C908E9 /* WalletTableViewController.swift */,
				6DB47D3A1DFDCF4600C908E9 /* ReceiveViewController.swift */,
				6DB47D3C1DFDCF5500C908E9 /* QRViewController.swift */,
				6DF0FF411E01930B00ABD179 /* RegisterViewController.swift */,
				624684038AA94F7DB298621A /* SoraNexusOnboardingViewController.swift */,
				874220AD8DF240B1A0652BA0 /* ThemeSettingsViewController.swift */,
			);
			name = ViewController;
			sourceTree = "<group>";
		};
		6DB47D421DFDD58D00C908E9 /* Util */ = {
			isa = PBXGroup;
			children = (
				6DB47D431DFDD5C000C908E9 /* QRImgGenerator.swift */,
				6DF0FF5F1E02945400ABD179 /* ColorExtension.swift */,
				6F91F337066940DF805548E1 /* SoraFont.swift */,
				36BF7F5201524C0FB0B5D77C /* SakuraEmitterView.swift */,
			);
			name = Util;
			sourceTree = "<group>";
		};
		6DF0FF621E029CC700ABD179 /* Manager */ = {
			isa = PBXGroup;
			children = (
				6DB47D3E1DFDD16B00C908E9 /* DataManager.swift */,
				6DB47D401DFDD23E00C908E9 /* KeychainManager.swift */,
				76AB302D7CE04ACBB2508CE1 /* ToriiConfiguration.swift */,
				40980695147D4F88B2EC00CA /* ToriiService.swift */,
				8757E3A528F24936B0F7B58B /* GlassmorphicStyle.swift */,
				4C187A40F2464ACD95562D21 /* KeychainSession.swift */,
				521C38B844B94C4BA97A0D6E /* CryptoHelpers.swift */,
				6B1352316DC04ED28699B34B /* Notifications.swift */,
				617377F8A27D40BC8DD11481 /* Mnemonic.swift */,
				A8DC75A50C6741A4B80D518C /* SoraNexusKeyMaterial.swift */,
				32F400AD73F94EE493F887D6 /* KeyBackupStorage.swift */,
				B6BDF08357B643C8A328F5CF /* IrohaConnectCoordinator.swift */,
				940FBFAF2C3E448E928DA01E /* ThemeManager.swift */,
			);
			name = Manager;
			sourceTree = "<group>";
		};
		B3FE195DF81A8B4865E9411C /* Pods */ = {
			isa = PBXGroup;
			children = (
				008DB154384CEA031C6653C5 /* Pods-Example-Point.debug.xcconfig */,
				4ADCDA2AE306BDC7E0564E56 /* Pods-Example-Point.release.xcconfig */,
				F79843B0F01F2A7F6DFB56FD /* Pods-Example-PointTests.debug.xcconfig */,
				3DADD915DC6B0EBBFE4EBEB9 /* Pods-Example-PointTests.release.xcconfig */,
				8854A9C946B28FF6E57F8C8D /* Pods-Example-PointUITests.debug.xcconfig */,
				F24D1BD952579B8FA1394383 /* Pods-Example-PointUITests.release.xcconfig */,
				EC1E48AF7A5996BC4169968C /* Pods-Example-Point-Example-PointUITests.debug.xcconfig */,
				489447EDF73EB3498384E21F /* Pods-Example-Point-Example-PointUITests.release.xcconfig */,
			);
			name = Pods;
			sourceTree = "<group>";
		};
/* End PBXGroup section */

/* Begin PBXNativeTarget section */
		6DA315211DF979D300C5325E /* Example-Point */ = {
			isa = PBXNativeTarget;
			buildConfigurationList = 6DA3154A1DF979D300C5325E /* Build configuration list for PBXNativeTarget "Example-Point" */;
			buildPhases = (
				5F1FB29B1A3A810EFBA526F0 /* [CP] Check Pods Manifest.lock */,
				6DA3151E1DF979D300C5325E /* Sources */,
				6DA3151F1DF979D300C5325E /* Frameworks */,
				6DA315201DF979D300C5325E /* Resources */,
				F6F070C60E4AAA2A6AEB093D /* [CP] Embed Pods Frameworks */,
			);
			buildRules = (
			);
			dependencies = (
			);
			name = "Example-Point";
			productName = "Example-Point";
			productReference = 6DA315221DF979D300C5325E /* Example-Point.app */;
			productType = "com.apple.product-type.application";
		};
		6DA315351DF979D300C5325E /* Example-PointTests */ = {
			isa = PBXNativeTarget;
			buildConfigurationList = 6DA3154D1DF979D300C5325E /* Build configuration list for PBXNativeTarget "Example-PointTests" */;
			buildPhases = (
				0C767410B1B0C95AEFF5B412 /* [CP] Check Pods Manifest.lock */,
				6DA315321DF979D300C5325E /* Sources */,
				6DA315331DF979D300C5325E /* Frameworks */,
				6DA315341DF979D300C5325E /* Resources */,
			);
			buildRules = (
			);
			dependencies = (
				6DA315381DF979D300C5325E /* PBXTargetDependency */,
			);
			name = "Example-PointTests";
			productName = "Example-PointTests";
			productReference = 6DA315361DF979D300C5325E /* Example-PointTests.xctest */;
			productType = "com.apple.product-type.bundle.unit-test";
		};
		6DA315401DF979D300C5325E /* Example-PointUITests */ = {
			isa = PBXNativeTarget;
			buildConfigurationList = 6DA315501DF979D300C5325E /* Build configuration list for PBXNativeTarget "Example-PointUITests" */;
			buildPhases = (
				02F0DD530A3DD64A2E3364EE /* [CP] Check Pods Manifest.lock */,
				6DA3153D1DF979D300C5325E /* Sources */,
				6DA3153E1DF979D300C5325E /* Frameworks */,
				6DA3153F1DF979D300C5325E /* Resources */,
				6503768F82778216859F29C0 /* [CP] Embed Pods Frameworks */,
			);
			buildRules = (
			);
			dependencies = (
				6DA315431DF979D300C5325E /* PBXTargetDependency */,
			);
			name = "Example-PointUITests";
			productName = "Example-PointUITests";
			productReference = 6DA315411DF979D300C5325E /* Example-PointUITests.xctest */;
			productType = "com.apple.product-type.bundle.ui-testing";
		};
/* End PBXNativeTarget section */

/* Begin PBXProject section */
		6DA3151A1DF979D300C5325E /* Project object */ = {
			isa = PBXProject;
			attributes = {
				LastSwiftUpdateCheck = 1600;
				LastUpgradeCheck = 1600;
				ORGANIZATIONNAME = "Soramitsu Co., Ltd.";
				TargetAttributes = {
					6DA315211DF979D300C5325E = {
						CreatedOnToolsVersion = 8.1;
						DevelopmentTeam = YLWWUD25VZ;
						ProvisioningStyle = Automatic;
						SystemCapabilities = {
							com.apple.Keychain = {
								enabled = 1;
							};
						};
					};
					6DA315351DF979D300C5325E = {
						CreatedOnToolsVersion = 8.1;
						ProvisioningStyle = Automatic;
						TestTargetID = 6DA315211DF979D300C5325E;
					};
					6DA315401DF979D300C5325E = {
						CreatedOnToolsVersion = 8.1;
						ProvisioningStyle = Automatic;
						TestTargetID = 6DA315211DF979D300C5325E;
					};
				};
			};
			buildConfigurationList = 6DA3151D1DF979D300C5325E /* Build configuration list for PBXProject "Example-Point" */;
			compatibilityVersion = "Xcode 3.2";
			developmentRegion = English;
			hasScannedForEncodings = 0;
			knownRegions = (
				English,
				en,
				Base,
			);
			mainGroup = 6DA315191DF979D300C5325E;
			productRefGroup = 6DA315231DF979D300C5325E /* Products */;
			projectDirPath = "";
			projectReferences = (
				{
					ProductGroup = 6DA315561DF97C1F00C5325E /* Products */;
					ProjectRef = 6DA315551DF97C1F00C5325E /* IrohaSwift.xcodeproj */;
				},
			);
			projectRoot = "";
			targets = (
				6DA315211DF979D300C5325E /* Example-Point */,
				6DA315351DF979D300C5325E /* Example-PointTests */,
				6DA315401DF979D300C5325E /* Example-PointUITests */,
			);
		};
/* End PBXProject section */

/* Begin PBXReferenceProxy section */
		6DA3155B1DF97C1F00C5325E /* IrohaSwift.framework */ = {
			isa = PBXReferenceProxy;
			fileType = wrapper.framework;
			path = IrohaSwift.framework;
			remoteRef = 6DA3155A1DF97C1F00C5325E /* PBXContainerItemProxy */;
			sourceTree = BUILT_PRODUCTS_DIR;
		};
		6DA3155D1DF97C1F00C5325E /* IrohaSwiftTests.xctest */ = {
			isa = PBXReferenceProxy;
			fileType = wrapper.cfbundle;
			path = IrohaSwiftTests.xctest;
			remoteRef = 6DA3155C1DF97C1F00C5325E /* PBXContainerItemProxy */;
			sourceTree = BUILT_PRODUCTS_DIR;
		};
/* End PBXReferenceProxy section */

/* Begin PBXResourcesBuildPhase section */
		6DA315201DF979D300C5325E /* Resources */ = {
			isa = PBXResourcesBuildPhase;
			buildActionMask = 2147483647;
			files = (
				6DA315301DF979D300C5325E /* LaunchScreen.storyboard in Resources */,
				6DA3152D1DF979D300C5325E /* Assets.xcassets in Resources */,
				6DA3152B1DF979D300C5325E /* Main.storyboard in Resources */,
				d7329C4851524922B3085DF4 /* Sora-Bold.ttf in Resources */,
				40AE52C8F92F437C9641622A /* Sora-BoldItalic.ttf in Resources */,
				C64DED9C3D1840B0A1486BE8 /* Sora-ExtraBold.ttf in Resources */,
				74897F93A6EC4C6B9042EA52 /* Sora-ExtraBoldItalic.ttf in Resources */,
				33E412B647E5412BA5CDE73B /* Sora-ExtraLight.ttf in Resources */,
				B5C95FDEAE27480C86FE8354 /* Sora-ExtraLightItalic.ttf in Resources */,
				DA6A05F477024B47BCBE846E /* Sora-Italic.ttf in Resources */,
				AE680A62B5CC43058FA30FEF /* Sora-Light.ttf in Resources */,
				31348494B0CA44E8AACA4B41 /* Sora-LightItalic.ttf in Resources */,
				2F997902DE8A45E0856DD2C1 /* Sora-Medium.ttf in Resources */,
				1E41C5A1AA8B4056A0991D0D /* Sora-MediumItalic.ttf in Resources */,
				A400E3A15F6540A7814B85B9 /* Sora-Regular.ttf in Resources */,
				8758A55F73804DECBB92F8E6 /* Sora-SemiBold.ttf in Resources */,
				FB5B6BBC52534C939A1D0B96 /* Sora-SemiBoldItalic.ttf in Resources */,
				70C9D0CE36714EFF9924FA96 /* Sora-Thin.ttf in Resources */,
				15E6AC2B97114BD88EE325C7 /* Sora-ThinItalic.ttf in Resources */,
			);
			runOnlyForDeploymentPostprocessing = 0;
		};
		6DA315341DF979D300C5325E /* Resources */ = {
			isa = PBXResourcesBuildPhase;
			buildActionMask = 2147483647;
			files = (
			);
			runOnlyForDeploymentPostprocessing = 0;
		};
		6DA3153F1DF979D300C5325E /* Resources */ = {
			isa = PBXResourcesBuildPhase;
			buildActionMask = 2147483647;
			files = (
			);
			runOnlyForDeploymentPostprocessing = 0;
		};
/* End PBXResourcesBuildPhase section */

/* Begin PBXShellScriptBuildPhase section */
		02F0DD530A3DD64A2E3364EE /* [CP] Check Pods Manifest.lock */ = {
			isa = PBXShellScriptBuildPhase;
			buildActionMask = 2147483647;
			files = (
			);
			inputPaths = (
				"${PODS_PODFILE_DIR_PATH}/Podfile.lock",
				"${PODS_ROOT}/Manifest.lock",
			);
			name = "[CP] Check Pods Manifest.lock";
			outputPaths = (
				"$(DERIVED_FILE_DIR)/Pods-Example-Point-Example-PointUITests-checkManifestLockResult.txt",
			);
			runOnlyForDeploymentPostprocessing = 0;
			shellPath = /bin/sh;
			shellScript = "diff \"${PODS_PODFILE_DIR_PATH}/Podfile.lock\" \"${PODS_ROOT}/Manifest.lock\" > /dev/null\nif [ $? != 0 ] ; then\n    # print error to STDERR\n    echo \"error: The sandbox is not in sync with the Podfile.lock. Run 'pod install' or update your CocoaPods installation.\" >&2\n    exit 1\nfi\n# This output is used by Xcode 'outputs' to avoid re-running this script phase.\necho \"SUCCESS\" > \"${SCRIPT_OUTPUT_FILE_0}\"\n";
			showEnvVarsInLog = 0;
		};
		0C767410B1B0C95AEFF5B412 /* [CP] Check Pods Manifest.lock */ = {
			isa = PBXShellScriptBuildPhase;
			buildActionMask = 2147483647;
			files = (
			);
			inputPaths = (
				"${PODS_PODFILE_DIR_PATH}/Podfile.lock",
				"${PODS_ROOT}/Manifest.lock",
			);
			name = "[CP] Check Pods Manifest.lock";
			outputPaths = (
				"$(DERIVED_FILE_DIR)/Pods-Example-PointTests-checkManifestLockResult.txt",
			);
			runOnlyForDeploymentPostprocessing = 0;
			shellPath = /bin/sh;
			shellScript = "diff \"${PODS_PODFILE_DIR_PATH}/Podfile.lock\" \"${PODS_ROOT}/Manifest.lock\" > /dev/null\nif [ $? != 0 ] ; then\n    # print error to STDERR\n    echo \"error: The sandbox is not in sync with the Podfile.lock. Run 'pod install' or update your CocoaPods installation.\" >&2\n    exit 1\nfi\n# This output is used by Xcode 'outputs' to avoid re-running this script phase.\necho \"SUCCESS\" > \"${SCRIPT_OUTPUT_FILE_0}\"\n";
			showEnvVarsInLog = 0;
		};
		5F1FB29B1A3A810EFBA526F0 /* [CP] Check Pods Manifest.lock */ = {
			isa = PBXShellScriptBuildPhase;
			buildActionMask = 2147483647;
			files = (
			);
			inputPaths = (
				"${PODS_PODFILE_DIR_PATH}/Podfile.lock",
				"${PODS_ROOT}/Manifest.lock",
			);
			name = "[CP] Check Pods Manifest.lock";
			outputPaths = (
				"$(DERIVED_FILE_DIR)/Pods-Example-Point-checkManifestLockResult.txt",
			);
			runOnlyForDeploymentPostprocessing = 0;
			shellPath = /bin/sh;
			shellScript = "diff \"${PODS_PODFILE_DIR_PATH}/Podfile.lock\" \"${PODS_ROOT}/Manifest.lock\" > /dev/null\nif [ $? != 0 ] ; then\n    # print error to STDERR\n    echo \"error: The sandbox is not in sync with the Podfile.lock. Run 'pod install' or update your CocoaPods installation.\" >&2\n    exit 1\nfi\n# This output is used by Xcode 'outputs' to avoid re-running this script phase.\necho \"SUCCESS\" > \"${SCRIPT_OUTPUT_FILE_0}\"\n";
			showEnvVarsInLog = 0;
		};
		6503768F82778216859F29C0 /* [CP] Embed Pods Frameworks */ = {
			isa = PBXShellScriptBuildPhase;
			buildActionMask = 2147483647;
			files = (
			);
			inputPaths = (
				"${PODS_ROOT}/Target Support Files/Pods-Example-Point-Example-PointUITests/Pods-Example-Point-Example-PointUITests-frameworks.sh",
				"${BUILT_PRODUCTS_DIR}/IrohaSwift/IrohaSwift.framework",
				"${BUILT_PRODUCTS_DIR}/KeychainAccess/KeychainAccess.framework",
				"${BUILT_PRODUCTS_DIR}/PMAlertController/PMAlertController.framework",
				"${BUILT_PRODUCTS_DIR}/SwiftyJSON/SwiftyJSON.framework",
				"${BUILT_PRODUCTS_DIR}/TextFieldEffects/TextFieldEffects.framework",
				"${BUILT_PRODUCTS_DIR}/Toast-Swift/Toast_Swift.framework",
			);
			name = "[CP] Embed Pods Frameworks";
			outputPaths = (
				"${TARGET_BUILD_DIR}/${FRAMEWORKS_FOLDER_PATH}/IrohaSwift.framework",
				"${TARGET_BUILD_DIR}/${FRAMEWORKS_FOLDER_PATH}/KeychainAccess.framework",
				"${TARGET_BUILD_DIR}/${FRAMEWORKS_FOLDER_PATH}/PMAlertController.framework",
				"${TARGET_BUILD_DIR}/${FRAMEWORKS_FOLDER_PATH}/SwiftyJSON.framework",
				"${TARGET_BUILD_DIR}/${FRAMEWORKS_FOLDER_PATH}/TextFieldEffects.framework",
				"${TARGET_BUILD_DIR}/${FRAMEWORKS_FOLDER_PATH}/Toast_Swift.framework",
			);
			runOnlyForDeploymentPostprocessing = 0;
			shellPath = /bin/sh;
			shellScript = "\"${PODS_ROOT}/Target Support Files/Pods-Example-Point-Example-PointUITests/Pods-Example-Point-Example-PointUITests-frameworks.sh\"\n";
			showEnvVarsInLog = 0;
		};
		F6F070C60E4AAA2A6AEB093D /* [CP] Embed Pods Frameworks */ = {
			isa = PBXShellScriptBuildPhase;
			buildActionMask = 2147483647;
			files = (
			);
			inputPaths = (
				"${PODS_ROOT}/Target Support Files/Pods-Example-Point/Pods-Example-Point-frameworks.sh",
				"${BUILT_PRODUCTS_DIR}/IrohaSwift/IrohaSwift.framework",
				"${BUILT_PRODUCTS_DIR}/KeychainAccess/KeychainAccess.framework",
				"${BUILT_PRODUCTS_DIR}/PMAlertController/PMAlertController.framework",
				"${BUILT_PRODUCTS_DIR}/SwiftyJSON/SwiftyJSON.framework",
				"${BUILT_PRODUCTS_DIR}/TextFieldEffects/TextFieldEffects.framework",
				"${BUILT_PRODUCTS_DIR}/Toast-Swift/Toast_Swift.framework",
			);
			name = "[CP] Embed Pods Frameworks";
			outputPaths = (
				"${TARGET_BUILD_DIR}/${FRAMEWORKS_FOLDER_PATH}/IrohaSwift.framework",
				"${TARGET_BUILD_DIR}/${FRAMEWORKS_FOLDER_PATH}/KeychainAccess.framework",
				"${TARGET_BUILD_DIR}/${FRAMEWORKS_FOLDER_PATH}/PMAlertController.framework",
				"${TARGET_BUILD_DIR}/${FRAMEWORKS_FOLDER_PATH}/SwiftyJSON.framework",
				"${TARGET_BUILD_DIR}/${FRAMEWORKS_FOLDER_PATH}/TextFieldEffects.framework",
				"${TARGET_BUILD_DIR}/${FRAMEWORKS_FOLDER_PATH}/Toast_Swift.framework",
			);
			runOnlyForDeploymentPostprocessing = 0;
			shellPath = /bin/sh;
			shellScript = "\"${PODS_ROOT}/Target Support Files/Pods-Example-Point/Pods-Example-Point-frameworks.sh\"\n";
			showEnvVarsInLog = 0;
		};
/* End PBXShellScriptBuildPhase section */

/* Begin PBXSourcesBuildPhase section */
		6DA3151E1DF979D300C5325E /* Sources */ = {
			isa = PBXSourcesBuildPhase;
			buildActionMask = 2147483647;
			files = (
				6DA315281DF979D300C5325E /* ViewController.swift in Sources */,
				6DF0FF421E01930B00ABD179 /* RegisterViewController.swift in Sources */,
				6DF0FF5B1E028E8B00ABD179 /* TransactionCell.swift in Sources */,
				6DA315261DF979D300C5325E /* AppDelegate.swift in Sources */,
				FBC7A1C32C1F5D5C00E0D9A1 /* SceneDelegate.swift in Sources */,
				6DB47D3B1DFDCF4600C908E9 /* ReceiveViewController.swift in Sources */,
				F282BA4A82B540059D6A1858 /* ToriiConfiguration.swift in Sources */,
				635434508986471DAD4E5FDC /* ToriiService.swift in Sources */,
				8757E3A6291D49F0AEEFF9ED /* GlassmorphicStyle.swift in Sources */,
				6DB47D3F1DFDD16B00C908E9 /* DataManager.swift in Sources */,
				637424673D4D46E098C58BF5 /* KeychainSession.swift in Sources */,
				471E2886C66A4789BCCC8021 /* CryptoHelpers.swift in Sources */,
				EA9BEAC0EA5A4CA1AAD006F3 /* Notifications.swift in Sources */,
				6DB47D391DFDCF2900C908E9 /* WalletTableViewController.swift in Sources */,
				6DB47D371DFDCF0800C908E9 /* SendViewController.swift in Sources */,
				6DB47D3D1DFDCF5500C908E9 /* QRViewController.swift in Sources */,
				6DB47D441DFDD5C000C908E9 /* QRImgGenerator.swift in Sources */,
				6DB47D411DFDD23E00C908E9 /* KeychainManager.swift in Sources */,
				6DF0FF601E02945400ABD179 /* ColorExtension.swift in Sources */,
				729C284446524F29AD4FBD4D /* SoraFont.swift in Sources */,
				88BFB773BAD84132929215C0 /* SakuraEmitterView.swift in Sources */,
				ec174591f92344f29d429f04 /* ThemeManager.swift in Sources */,
				d4395c817c044d97b22454c9 /* ThemeSettingsViewController.swift in Sources */,
				4AC666ACF8A24DCA90E4AD8A /* Mnemonic.swift in Sources */,
				CB060DD66B224359AE5CD516 /* SoraNexusKeyMaterial.swift in Sources */,
				31C3EB81C1284BFEA337C490 /* KeyBackupStorage.swift in Sources */,
				C9E91C9CA4CF49F3B7188377 /* IrohaConnectCoordinator.swift in Sources */,
				AED822DE8CB04BCF8DBC05E5 /* SoraNexusOnboardingViewController.swift in Sources */,
			);
			runOnlyForDeploymentPostprocessing = 0;
		};
		6DA315321DF979D300C5325E /* Sources */ = {
			isa = PBXSourcesBuildPhase;
			buildActionMask = 2147483647;
			files = (
				FBC7A1C52C1F620900E0D9A1 /* ColorExtensionTests.swift in Sources */,
				6DA3153B1DF979D300C5325E /* Example_PointTests.swift in Sources */,
				8AA6F95AF774492F879D2BBA /* MnemonicGeneratorTests.swift in Sources */,
				56FB9B71333F402BB54478C1 /* IrohaConnectCoordinatorTests.swift in Sources */,
			);
			runOnlyForDeploymentPostprocessing = 0;
		};
		6DA3153D1DF979D300C5325E /* Sources */ = {
			isa = PBXSourcesBuildPhase;
			buildActionMask = 2147483647;
			files = (
				6DA315461DF979D300C5325E /* Example_PointUITests.swift in Sources */,
			);
			runOnlyForDeploymentPostprocessing = 0;
		};
/* End PBXSourcesBuildPhase section */

/* Begin PBXTargetDependency section */
		6DA315381DF979D300C5325E /* PBXTargetDependency */ = {
			isa = PBXTargetDependency;
			target = 6DA315211DF979D300C5325E /* Example-Point */;
			targetProxy = 6DA315371DF979D300C5325E /* PBXContainerItemProxy */;
		};
		6DA315431DF979D300C5325E /* PBXTargetDependency */ = {
			isa = PBXTargetDependency;
			target = 6DA315211DF979D300C5325E /* Example-Point */;
			targetProxy = 6DA315421DF979D300C5325E /* PBXContainerItemProxy */;
		};
/* End PBXTargetDependency section */

/* Begin PBXVariantGroup section */
		6DA315291DF979D300C5325E /* Main.storyboard */ = {
			isa = PBXVariantGroup;
			children = (
				6DA3152A1DF979D300C5325E /* Base */,
			);
			name = Main.storyboard;
			sourceTree = "<group>";
		};
		6DA3152E1DF979D300C5325E /* LaunchScreen.storyboard */ = {
			isa = PBXVariantGroup;
			children = (
				6DA3152F1DF979D300C5325E /* Base */,
			);
			name = LaunchScreen.storyboard;
			sourceTree = "<group>";
		};
/* End PBXVariantGroup section */

/* Begin XCBuildConfiguration section */
		6DA315481DF979D300C5325E /* Debug */ = {
			isa = XCBuildConfiguration;
			buildSettings = {
				ALWAYS_SEARCH_USER_PATHS = NO;
				CLANG_ANALYZER_NONNULL = YES;
				CLANG_CXX_LANGUAGE_STANDARD = "gnu++0x";
				CLANG_CXX_LIBRARY = "libc++";
				CLANG_ENABLE_MODULES = YES;
				CLANG_ENABLE_OBJC_ARC = YES;
				CLANG_WARN_BOOL_CONVERSION = YES;
				CLANG_WARN_CONSTANT_CONVERSION = YES;
				CLANG_WARN_DIRECT_OBJC_ISA_USAGE = YES_ERROR;
				CLANG_WARN_DOCUMENTATION_COMMENTS = YES;
				CLANG_WARN_EMPTY_BODY = YES;
				CLANG_WARN_ENUM_CONVERSION = YES;
				CLANG_WARN_INFINITE_RECURSION = YES;
				CLANG_WARN_INT_CONVERSION = YES;
				CLANG_WARN_OBJC_ROOT_CLASS = YES_ERROR;
				CLANG_WARN_SUSPICIOUS_MOVES = YES;
				CLANG_WARN_UNREACHABLE_CODE = YES;
				CLANG_WARN__DUPLICATE_METHOD_MATCH = YES;
				"CODE_SIGN_IDENTITY[sdk=iphoneos*]" = "iPhone Developer";
				COPY_PHASE_STRIP = NO;
				DEBUG_INFORMATION_FORMAT = dwarf;
				ENABLE_STRICT_OBJC_MSGSEND = YES;
				ENABLE_TESTABILITY = YES;
				GCC_C_LANGUAGE_STANDARD = gnu99;
				GCC_DYNAMIC_NO_PIC = NO;
				GCC_NO_COMMON_BLOCKS = YES;
				GCC_OPTIMIZATION_LEVEL = 0;
				GCC_PREPROCESSOR_DEFINITIONS = (
					"DEBUG=1",
					"$(inherited)",
				);
				GCC_WARN_64_TO_32_BIT_CONVERSION = YES;
				GCC_WARN_ABOUT_RETURN_TYPE = YES_ERROR;
				GCC_WARN_UNDECLARED_SELECTOR = YES;
				GCC_WARN_UNINITIALIZED_AUTOS = YES_AGGRESSIVE;
				GCC_WARN_UNUSED_FUNCTION = YES;
				GCC_WARN_UNUSED_VARIABLE = YES;
				IPHONEOS_DEPLOYMENT_TARGET = 26.0;
				MTL_ENABLE_DEBUG_INFO = YES;
				ONLY_ACTIVE_ARCH = YES;
				SDKROOT = iphoneos;
				SWIFT_ACTIVE_COMPILATION_CONDITIONS = DEBUG;
				SWIFT_OPTIMIZATION_LEVEL = "-Onone";
			};
			name = Debug;
		};
		6DA315491DF979D300C5325E /* Release */ = {
			isa = XCBuildConfiguration;
			buildSettings = {
				ALWAYS_SEARCH_USER_PATHS = NO;
				CLANG_ANALYZER_NONNULL = YES;
				CLANG_CXX_LANGUAGE_STANDARD = "gnu++0x";
				CLANG_CXX_LIBRARY = "libc++";
				CLANG_ENABLE_MODULES = YES;
				CLANG_ENABLE_OBJC_ARC = YES;
				CLANG_WARN_BOOL_CONVERSION = YES;
				CLANG_WARN_CONSTANT_CONVERSION = YES;
				CLANG_WARN_DIRECT_OBJC_ISA_USAGE = YES_ERROR;
				CLANG_WARN_DOCUMENTATION_COMMENTS = YES;
				CLANG_WARN_EMPTY_BODY = YES;
				CLANG_WARN_ENUM_CONVERSION = YES;
				CLANG_WARN_INFINITE_RECURSION = YES;
				CLANG_WARN_INT_CONVERSION = YES;
				CLANG_WARN_OBJC_ROOT_CLASS = YES_ERROR;
				CLANG_WARN_SUSPICIOUS_MOVES = YES;
				CLANG_WARN_UNREACHABLE_CODE = YES;
				CLANG_WARN__DUPLICATE_METHOD_MATCH = YES;
				"CODE_SIGN_IDENTITY[sdk=iphoneos*]" = "iPhone Developer";
				COPY_PHASE_STRIP = NO;
				DEBUG_INFORMATION_FORMAT = "dwarf-with-dsym";
				ENABLE_NS_ASSERTIONS = NO;
				ENABLE_STRICT_OBJC_MSGSEND = YES;
				GCC_C_LANGUAGE_STANDARD = gnu99;
				GCC_NO_COMMON_BLOCKS = YES;
				GCC_WARN_64_TO_32_BIT_CONVERSION = YES;
				GCC_WARN_ABOUT_RETURN_TYPE = YES_ERROR;
				GCC_WARN_UNDECLARED_SELECTOR = YES;
				GCC_WARN_UNINITIALIZED_AUTOS = YES_AGGRESSIVE;
				GCC_WARN_UNUSED_FUNCTION = YES;
				GCC_WARN_UNUSED_VARIABLE = YES;
				IPHONEOS_DEPLOYMENT_TARGET = 26.0;
				MTL_ENABLE_DEBUG_INFO = NO;
				SDKROOT = iphoneos;
				SWIFT_OPTIMIZATION_LEVEL = "-Owholemodule";
				VALIDATE_PRODUCT = YES;
			};
			name = Release;
		};
		6DA3154B1DF979D300C5325E /* Debug */ = {
			isa = XCBuildConfiguration;
			baseConfigurationReference = 008DB154384CEA031C6653C5 /* Pods-Example-Point.debug.xcconfig */;
			buildSettings = {
				ASSETCATALOG_COMPILER_APPICON_NAME = AppIcon;
				CODE_SIGN_ENTITLEMENTS = "Example-Point/Example-Point.entitlements";
				DEVELOPMENT_TEAM = YLWWUD25VZ;
				INFOPLIST_FILE = "Example-Point/Info.plist";
				LD_RUNPATH_SEARCH_PATHS = "$(inherited) @executable_path/Frameworks @loader_path/../Frameworks/";
				OTHER_LDFLAGS = (
					"$(inherited)",
					"-framework",
					"\"AppIntents\"",
				);
				PRODUCT_BUNDLE_IDENTIFIER = "co.jp.soramitsu.Example-Point";
				PRODUCT_NAME = "$(TARGET_NAME)";
				SWIFT_VERSION = 6.0;
			};
			name = Debug;
		};
		6DA3154C1DF979D300C5325E /* Release */ = {
			isa = XCBuildConfiguration;
			baseConfigurationReference = 4ADCDA2AE306BDC7E0564E56 /* Pods-Example-Point.release.xcconfig */;
			buildSettings = {
				ASSETCATALOG_COMPILER_APPICON_NAME = AppIcon;
				CODE_SIGN_ENTITLEMENTS = "Example-Point/Example-Point.entitlements";
				DEVELOPMENT_TEAM = YLWWUD25VZ;
				INFOPLIST_FILE = "Example-Point/Info.plist";
				LD_RUNPATH_SEARCH_PATHS = "$(inherited) @executable_path/Frameworks @loader_path/../Frameworks/";
				OTHER_LDFLAGS = (
					"$(inherited)",
					"-framework",
					"\"AppIntents\"",
				);
				PRODUCT_BUNDLE_IDENTIFIER = "co.jp.soramitsu.Example-Point";
				PRODUCT_NAME = "$(TARGET_NAME)";
				SWIFT_VERSION = 6.0;
			};
			name = Release;
		};
		6DA3154E1DF979D300C5325E /* Debug */ = {
			isa = XCBuildConfiguration;
			baseConfigurationReference = F79843B0F01F2A7F6DFB56FD /* Pods-Example-PointTests.debug.xcconfig */;
			buildSettings = {
				ALWAYS_EMBED_SWIFT_STANDARD_LIBRARIES = "$(inherited)";
				BUNDLE_LOADER = "$(TEST_HOST)";
				INFOPLIST_FILE = "Example-PointTests/Info.plist";
				LD_RUNPATH_SEARCH_PATHS = "$(inherited) @executable_path/Frameworks @loader_path/Frameworks";
				OTHER_LDFLAGS = (
					"$(inherited)",
					"-framework",
					"\"AppIntents\"",
				);
				PRODUCT_BUNDLE_IDENTIFIER = "co.jp.soramitsu.Example-PointTests";
				PRODUCT_NAME = "$(TARGET_NAME)";
				SWIFT_VERSION = 6.0;
				TEST_HOST = "$(BUILT_PRODUCTS_DIR)/Example-Point.app/Example-Point";
			};
			name = Debug;
		};
		6DA3154F1DF979D300C5325E /* Release */ = {
			isa = XCBuildConfiguration;
			baseConfigurationReference = 3DADD915DC6B0EBBFE4EBEB9 /* Pods-Example-PointTests.release.xcconfig */;
			buildSettings = {
				ALWAYS_EMBED_SWIFT_STANDARD_LIBRARIES = "$(inherited)";
				BUNDLE_LOADER = "$(TEST_HOST)";
				INFOPLIST_FILE = "Example-PointTests/Info.plist";
				LD_RUNPATH_SEARCH_PATHS = "$(inherited) @executable_path/Frameworks @loader_path/Frameworks";
				OTHER_LDFLAGS = (
					"$(inherited)",
					"-framework",
					"\"AppIntents\"",
				);
				PRODUCT_BUNDLE_IDENTIFIER = "co.jp.soramitsu.Example-PointTests";
				PRODUCT_NAME = "$(TARGET_NAME)";
				SWIFT_VERSION = 6.0;
				TEST_HOST = "$(BUILT_PRODUCTS_DIR)/Example-Point.app/Example-Point";
			};
			name = Release;
		};
		6DA315511DF979D300C5325E /* Debug */ = {
			isa = XCBuildConfiguration;
			baseConfigurationReference = EC1E48AF7A5996BC4169968C /* Pods-Example-Point-Example-PointUITests.debug.xcconfig */;
			buildSettings = {
				ALWAYS_EMBED_SWIFT_STANDARD_LIBRARIES = "$(inherited)";
				INFOPLIST_FILE = "Example-PointUITests/Info.plist";
				LD_RUNPATH_SEARCH_PATHS = "$(inherited) @executable_path/Frameworks @loader_path/Frameworks";
				OTHER_LDFLAGS = (
					"$(inherited)",
					"-framework",
					"\"AppIntents\"",
				);
				PRODUCT_BUNDLE_IDENTIFIER = "co.jp.soramitsu.Example-PointUITests";
				PRODUCT_NAME = "$(TARGET_NAME)";
				SWIFT_VERSION = 6.0;
				TEST_TARGET_NAME = "Example-Point";
			};
			name = Debug;
		};
		6DA315521DF979D300C5325E /* Release */ = {
			isa = XCBuildConfiguration;
			baseConfigurationReference = 489447EDF73EB3498384E21F /* Pods-Example-Point-Example-PointUITests.release.xcconfig */;
			buildSettings = {
				ALWAYS_EMBED_SWIFT_STANDARD_LIBRARIES = "$(inherited)";
				INFOPLIST_FILE = "Example-PointUITests/Info.plist";
				LD_RUNPATH_SEARCH_PATHS = "$(inherited) @executable_path/Frameworks @loader_path/Frameworks";
				OTHER_LDFLAGS = (
					"$(inherited)",
					"-framework",
					"\"AppIntents\"",
				);
				PRODUCT_BUNDLE_IDENTIFIER = "co.jp.soramitsu.Example-PointUITests";
				PRODUCT_NAME = "$(TARGET_NAME)";
				SWIFT_VERSION = 6.0;
				TEST_TARGET_NAME = "Example-Point";
			};
			name = Release;
		};
/* End XCBuildConfiguration section */

/* Begin XCConfigurationList section */
		6DA3151D1DF979D300C5325E /* Build configuration list for PBXProject "Example-Point" */ = {
			isa = XCConfigurationList;
			buildConfigurations = (
				6DA315481DF979D300C5325E /* Debug */,
				6DA315491DF979D300C5325E /* Release */,
			);
			defaultConfigurationIsVisible = 0;
			defaultConfigurationName = Release;
		};
		6DA3154A1DF979D300C5325E /* Build configuration list for PBXNativeTarget "Example-Point" */ = {
			isa = XCConfigurationList;
			buildConfigurations = (
				6DA3154B1DF979D300C5325E /* Debug */,
				6DA3154C1DF979D300C5325E /* Release */,
			);
			defaultConfigurationIsVisible = 0;
			defaultConfigurationName = Release;
		};
		6DA3154D1DF979D300C5325E /* Build configuration list for PBXNativeTarget "Example-PointTests" */ = {
			isa = XCConfigurationList;
			buildConfigurations = (
				6DA3154E1DF979D300C5325E /* Debug */,
				6DA3154F1DF979D300C5325E /* Release */,
			);
			defaultConfigurationIsVisible = 0;
			defaultConfigurationName = Release;
		};
		6DA315501DF979D300C5325E /* Build configuration list for PBXNativeTarget "Example-PointUITests" */ = {
			isa = XCConfigurationList;
			buildConfigurations = (
				6DA315511DF979D300C5325E /* Debug */,
				6DA315521DF979D300C5325E /* Release */,
			);
			defaultConfigurationIsVisible = 0;
			defaultConfigurationName = Release;
		};
/* End XCConfigurationList section */
	};
	rootObject = 6DA3151A1DF979D300C5325E /* Project object */;
}
